// !$*UTF8*$!
{
	archiveVersion = 1;
	classes = {
	};
	objectVersion = 56;
	objects = {

/* Begin PBXBuildFile section */
		469C33F02C8237BC0007A698 /* AppDelegate.swift in Sources */ = {isa = PBXBuildFile; fileRef = 469C33EF2C8237BC0007A698 /* AppDelegate.swift */; };
		469C33F92C8237BE0007A698 /* Assets.xcassets in Resources */ = {isa = PBXBuildFile; fileRef = 469C33F82C8237BE0007A698 /* Assets.xcassets */; };
		469C34222C83D62B0007A698 /* HomeModel.swift in Sources */ = {isa = PBXBuildFile; fileRef = 469C34212C83D62B0007A698 /* HomeModel.swift */; };
		469C34242C83D6600007A698 /* ProductDetailModel.swift in Sources */ = {isa = PBXBuildFile; fileRef = 469C34232C83D6600007A698 /* ProductDetailModel.swift */; };
		469C34272C83D7980007A698 /* HomeViewController.swift in Sources */ = {isa = PBXBuildFile; fileRef = 469C34262C83D7980007A698 /* HomeViewController.swift */; };
		469C34292C83D7D60007A698 /* ProductDetailViewController.swift in Sources */ = {isa = PBXBuildFile; fileRef = 469C34282C83D7D60007A698 /* ProductDetailViewController.swift */; };
		469C342C2C83D8530007A698 /* HomeViewModel.swift in Sources */ = {isa = PBXBuildFile; fileRef = 469C342B2C83D8530007A698 /* HomeViewModel.swift */; };
		469C342F2C83DA7E0007A698 /* BaseCoordinator.swift in Sources */ = {isa = PBXBuildFile; fileRef = 469C342E2C83DA7E0007A698 /* BaseCoordinator.swift */; };
		469C34312C83DAC80007A698 /* HomeCoordinator.swift in Sources */ = {isa = PBXBuildFile; fileRef = 469C34302C83DAC80007A698 /* HomeCoordinator.swift */; };
		469C34342C83DC440007A698 /* HomeService.swift in Sources */ = {isa = PBXBuildFile; fileRef = 469C34332C83DC440007A698 /* HomeService.swift */; };
		469C34392C8582AB0007A698 /* HomeGreetingView.swift in Sources */ = {isa = PBXBuildFile; fileRef = 469C34382C8582AB0007A698 /* HomeGreetingView.swift */; };
		469C343B2C8583730007A698 /* HomeCashView.swift in Sources */ = {isa = PBXBuildFile; fileRef = 469C343A2C8583730007A698 /* HomeCashView.swift */; };
		469C343D2C8583C50007A698 /* HomeSpotlightCell.swift in Sources */ = {isa = PBXBuildFile; fileRef = 469C343C2C8583C50007A698 /* HomeSpotlightCell.swift */; };
		469C343F2C85841F0007A698 /* HomeProductCell.swift in Sources */ = {isa = PBXBuildFile; fileRef = 469C343E2C85841F0007A698 /* HomeProductCell.swift */; };
		469C34462C87B2E60007A698 /* Kingfisher in Frameworks */ = {isa = PBXBuildFile; productRef = 469C34452C87B2E60007A698 /* Kingfisher */; };
		469C34482C88E77C0007A698 /* ProductDetailViewModel.swift in Sources */ = {isa = PBXBuildFile; fileRef = 469C34472C88E77C0007A698 /* ProductDetailViewModel.swift */; };
		469C344A2C8A96300007A698 /* HomeViewModelTest.swift in Sources */ = {isa = PBXBuildFile; fileRef = 469C34492C8A96300007A698 /* HomeViewModelTest.swift */; };
		469C344C2C8ADB8A0007A698 /* products_list.json in Resources */ = {isa = PBXBuildFile; fileRef = 469C344B2C8ADB8A0007A698 /* products_list.json */; };
		469C344E2C8AE4B40007A698 /* JsonModelFactory.swift in Sources */ = {isa = PBXBuildFile; fileRef = 469C344D2C8AE4B40007A698 /* JsonModelFactory.swift */; };
		469C34502C8D31230007A698 /* ProductDetailViewModelTest.swift in Sources */ = {isa = PBXBuildFile; fileRef = 469C344F2C8D31230007A698 /* ProductDetailViewModelTest.swift */; };
		469C34522C8E947F0007A698 /* ErrorView.swift in Sources */ = {isa = PBXBuildFile; fileRef = 469C34512C8E947F0007A698 /* ErrorView.swift */; };
		469C34542C8EE7AC0007A698 /* HomeProductSectionHeaderView.swift in Sources */ = {isa = PBXBuildFile; fileRef = 469C34532C8EE7AC0007A698 /* HomeProductSectionHeaderView.swift */; };
		469C34572C8F7D4A0007A698 /* UIView+Extension.swift in Sources */ = {isa = PBXBuildFile; fileRef = 469C34562C8F7D4A0007A698 /* UIView+Extension.swift */; };
/* End PBXBuildFile section */

/* Begin PBXContainerItemProxy section */
		469C34032C8237BF0007A698 /* PBXContainerItemProxy */ = {
			isa = PBXContainerItemProxy;
			containerPortal = 469C33E42C8237BC0007A698 /* Project object */;
			proxyType = 1;
			remoteGlobalIDString = 469C33EB2C8237BC0007A698;
			remoteInfo = DigioSampleApp;
		};
/* End PBXContainerItemProxy section */

/* Begin PBXFileReference section */
		469C33EC2C8237BC0007A698 /* DigioSampleApp.app */ = {isa = PBXFileReference; explicitFileType = wrapper.application; includeInIndex = 0; path = DigioSampleApp.app; sourceTree = BUILT_PRODUCTS_DIR; };
		469C33EF2C8237BC0007A698 /* AppDelegate.swift */ = {isa = PBXFileReference; lastKnownFileType = sourcecode.swift; path = AppDelegate.swift; sourceTree = "<group>"; };
		469C33F82C8237BE0007A698 /* Assets.xcassets */ = {isa = PBXFileReference; lastKnownFileType = folder.assetcatalog; path = Assets.xcassets; sourceTree = "<group>"; };
		469C33FD2C8237BE0007A698 /* Info.plist */ = {isa = PBXFileReference; lastKnownFileType = text.plist.xml; path = Info.plist; sourceTree = "<group>"; };
		469C34022C8237BF0007A698 /* DigioSampleAppTests.xctest */ = {isa = PBXFileReference; explicitFileType = wrapper.cfbundle; includeInIndex = 0; path = DigioSampleAppTests.xctest; sourceTree = BUILT_PRODUCTS_DIR; };
		469C34212C83D62B0007A698 /* HomeModel.swift */ = {isa = PBXFileReference; lastKnownFileType = sourcecode.swift; path = HomeModel.swift; sourceTree = "<group>"; };
		469C34232C83D6600007A698 /* ProductDetailModel.swift */ = {isa = PBXFileReference; lastKnownFileType = sourcecode.swift; path = ProductDetailModel.swift; sourceTree = "<group>"; };
		469C34262C83D7980007A698 /* HomeViewController.swift */ = {isa = PBXFileReference; lastKnownFileType = sourcecode.swift; path = HomeViewController.swift; sourceTree = "<group>"; };
		469C34282C83D7D60007A698 /* ProductDetailViewController.swift */ = {isa = PBXFileReference; lastKnownFileType = sourcecode.swift; path = ProductDetailViewController.swift; sourceTree = "<group>"; };
		469C342B2C83D8530007A698 /* HomeViewModel.swift */ = {isa = PBXFileReference; lastKnownFileType = sourcecode.swift; path = HomeViewModel.swift; sourceTree = "<group>"; };
		469C342E2C83DA7E0007A698 /* BaseCoordinator.swift */ = {isa = PBXFileReference; lastKnownFileType = sourcecode.swift; path = BaseCoordinator.swift; sourceTree = "<group>"; };
		469C34302C83DAC80007A698 /* HomeCoordinator.swift */ = {isa = PBXFileReference; lastKnownFileType = sourcecode.swift; path = HomeCoordinator.swift; sourceTree = "<group>"; };
		469C34332C83DC440007A698 /* HomeService.swift */ = {isa = PBXFileReference; lastKnownFileType = sourcecode.swift; path = HomeService.swift; sourceTree = "<group>"; };
		469C34382C8582AB0007A698 /* HomeGreetingView.swift */ = {isa = PBXFileReference; lastKnownFileType = sourcecode.swift; path = HomeGreetingView.swift; sourceTree = "<group>"; };
		469C343A2C8583730007A698 /* HomeCashView.swift */ = {isa = PBXFileReference; lastKnownFileType = sourcecode.swift; path = HomeCashView.swift; sourceTree = "<group>"; };
		469C343C2C8583C50007A698 /* HomeSpotlightCell.swift */ = {isa = PBXFileReference; lastKnownFileType = sourcecode.swift; path = HomeSpotlightCell.swift; sourceTree = "<group>"; };
		469C343E2C85841F0007A698 /* HomeProductCell.swift */ = {isa = PBXFileReference; lastKnownFileType = sourcecode.swift; path = HomeProductCell.swift; sourceTree = "<group>"; };
		469C34472C88E77C0007A698 /* ProductDetailViewModel.swift */ = {isa = PBXFileReference; lastKnownFileType = sourcecode.swift; path = ProductDetailViewModel.swift; sourceTree = "<group>"; };
		469C34492C8A96300007A698 /* HomeViewModelTest.swift */ = {isa = PBXFileReference; lastKnownFileType = sourcecode.swift; path = HomeViewModelTest.swift; sourceTree = "<group>"; };
		469C344B2C8ADB8A0007A698 /* products_list.json */ = {isa = PBXFileReference; fileEncoding = 4; lastKnownFileType = text.json; path = products_list.json; sourceTree = "<group>"; };
		469C344D2C8AE4B40007A698 /* JsonModelFactory.swift */ = {isa = PBXFileReference; lastKnownFileType = sourcecode.swift; path = JsonModelFactory.swift; sourceTree = "<group>"; };
		469C344F2C8D31230007A698 /* ProductDetailViewModelTest.swift */ = {isa = PBXFileReference; lastKnownFileType = sourcecode.swift; path = ProductDetailViewModelTest.swift; sourceTree = "<group>"; };
		469C34512C8E947F0007A698 /* ErrorView.swift */ = {isa = PBXFileReference; lastKnownFileType = sourcecode.swift; path = ErrorView.swift; sourceTree = "<group>"; };
		469C34532C8EE7AC0007A698 /* HomeProductSectionHeaderView.swift */ = {isa = PBXFileReference; lastKnownFileType = sourcecode.swift; path = HomeProductSectionHeaderView.swift; sourceTree = "<group>"; };
		469C34562C8F7D4A0007A698 /* UIView+Extension.swift */ = {isa = PBXFileReference; lastKnownFileType = sourcecode.swift; path = "UIView+Extension.swift"; sourceTree = "<group>"; };
/* End PBXFileReference section */

/* Begin PBXFrameworksBuildPhase section */
		469C33E92C8237BC0007A698 /* Frameworks */ = {
			isa = PBXFrameworksBuildPhase;
			buildActionMask = 2147483647;
			files = (
				469C34462C87B2E60007A698 /* Kingfisher in Frameworks */,
			);
			runOnlyForDeploymentPostprocessing = 0;
		};
		469C33FF2C8237BF0007A698 /* Frameworks */ = {
			isa = PBXFrameworksBuildPhase;
			buildActionMask = 2147483647;
			files = (
			);
			runOnlyForDeploymentPostprocessing = 0;
		};
/* End PBXFrameworksBuildPhase section */

/* Begin PBXGroup section */
		469C33E32C8237BC0007A698 = {
			isa = PBXGroup;
			children = (
				469C33EE2C8237BC0007A698 /* DigioSampleApp */,
				469C34052C8237BF0007A698 /* DigioSampleAppTests */,
				469C33ED2C8237BC0007A698 /* Products */,
				469C34442C87B2E60007A698 /* Frameworks */,
			);
			sourceTree = "<group>";
		};
		469C33ED2C8237BC0007A698 /* Products */ = {
			isa = PBXGroup;
			children = (
				469C33EC2C8237BC0007A698 /* DigioSampleApp.app */,
				469C34022C8237BF0007A698 /* DigioSampleAppTests.xctest */,
			);
			name = Products;
			sourceTree = "<group>";
		};
		469C33EE2C8237BC0007A698 /* DigioSampleApp */ = {
			isa = PBXGroup;
			children = (
				469C33EF2C8237BC0007A698 /* AppDelegate.swift */,
				469C342D2C83DA120007A698 /* Coordinator */,
				469C34322C83DC230007A698 /* Network */,
				469C34202C83D5E00007A698 /* Model */,
				469C34252C83D7750007A698 /* View */,
				469C342A2C83D83A0007A698 /* ViewModel */,
				469C33F82C8237BE0007A698 /* Assets.xcassets */,
				469C33FD2C8237BE0007A698 /* Info.plist */,
			);
			path = DigioSampleApp;
			sourceTree = "<group>";
		};
		469C34052C8237BF0007A698 /* DigioSampleAppTests */ = {
			isa = PBXGroup;
			children = (
				469C34492C8A96300007A698 /* HomeViewModelTest.swift */,
				469C344F2C8D31230007A698 /* ProductDetailViewModelTest.swift */,
				469C344B2C8ADB8A0007A698 /* products_list.json */,
				469C344D2C8AE4B40007A698 /* JsonModelFactory.swift */,
			);
			path = DigioSampleAppTests;
			sourceTree = "<group>";
		};
		469C34202C83D5E00007A698 /* Model */ = {
			isa = PBXGroup;
			children = (
				469C34212C83D62B0007A698 /* HomeModel.swift */,
				469C34232C83D6600007A698 /* ProductDetailModel.swift */,
			);
			path = Model;
			sourceTree = "<group>";
		};
		469C34252C83D7750007A698 /* View */ = {
			isa = PBXGroup;
			children = (
				469C34352C857E550007A698 /* ViewController */,
				469C34362C857E8E0007A698 /* Cell */,
				469C34372C857EBF0007A698 /* Custom */,
				469C34552C8F7D180007A698 /* Extension */,
			);
			path = View;
			sourceTree = "<group>";
		};
		469C342A2C83D83A0007A698 /* ViewModel */ = {
			isa = PBXGroup;
			children = (
				469C342B2C83D8530007A698 /* HomeViewModel.swift */,
				469C34472C88E77C0007A698 /* ProductDetailViewModel.swift */,
			);
			path = ViewModel;
			sourceTree = "<group>";
		};
		469C342D2C83DA120007A698 /* Coordinator */ = {
			isa = PBXGroup;
			children = (
				469C342E2C83DA7E0007A698 /* BaseCoordinator.swift */,
				469C34302C83DAC80007A698 /* HomeCoordinator.swift */,
			);
			path = Coordinator;
			sourceTree = "<group>";
		};
		469C34322C83DC230007A698 /* Network */ = {
			isa = PBXGroup;
			children = (
				469C34332C83DC440007A698 /* HomeService.swift */,
			);
			path = Network;
			sourceTree = "<group>";
		};
		469C34352C857E550007A698 /* ViewController */ = {
			isa = PBXGroup;
			children = (
				469C34262C83D7980007A698 /* HomeViewController.swift */,
				469C34282C83D7D60007A698 /* ProductDetailViewController.swift */,
			);
			path = ViewController;
			sourceTree = "<group>";
		};
		469C34362C857E8E0007A698 /* Cell */ = {
			isa = PBXGroup;
			children = (
				469C343C2C8583C50007A698 /* HomeSpotlightCell.swift */,
				469C343E2C85841F0007A698 /* HomeProductCell.swift */,
			);
			path = Cell;
			sourceTree = "<group>";
		};
		469C34372C857EBF0007A698 /* Custom */ = {
			isa = PBXGroup;
			children = (
				469C34382C8582AB0007A698 /* HomeGreetingView.swift */,
				469C343A2C8583730007A698 /* HomeCashView.swift */,
				469C34512C8E947F0007A698 /* ErrorView.swift */,
				469C34532C8EE7AC0007A698 /* HomeProductSectionHeaderView.swift */,
			);
			path = Custom;
			sourceTree = "<group>";
		};
		469C34442C87B2E60007A698 /* Frameworks */ = {
			isa = PBXGroup;
			children = (
			);
			name = Frameworks;
			sourceTree = "<group>";
		};
		469C34552C8F7D180007A698 /* Extension */ = {
			isa = PBXGroup;
			children = (
				469C34562C8F7D4A0007A698 /* UIView+Extension.swift */,
			);
			path = Extension;
			sourceTree = "<group>";
		};
/* End PBXGroup section */

/* Begin PBXNativeTarget section */
		469C33EB2C8237BC0007A698 /* DigioSampleApp */ = {
			isa = PBXNativeTarget;
			buildConfigurationList = 469C34162C8237BF0007A698 /* Build configuration list for PBXNativeTarget "DigioSampleApp" */;
			buildPhases = (
				469C33E82C8237BC0007A698 /* Sources */,
				469C341F2C83D0010007A698 /* SwiftLint */,
				469C33E92C8237BC0007A698 /* Frameworks */,
				469C33EA2C8237BC0007A698 /* Resources */,
			);
			buildRules = (
			);
			dependencies = (
			);
			name = DigioSampleApp;
			packageProductDependencies = (
				469C34452C87B2E60007A698 /* Kingfisher */,
			);
			productName = DigioSampleApp;
			productReference = 469C33EC2C8237BC0007A698 /* DigioSampleApp.app */;
			productType = "com.apple.product-type.application";
		};
		469C34012C8237BF0007A698 /* DigioSampleAppTests */ = {
			isa = PBXNativeTarget;
			buildConfigurationList = 469C34192C8237BF0007A698 /* Build configuration list for PBXNativeTarget "DigioSampleAppTests" */;
			buildPhases = (
				469C33FE2C8237BF0007A698 /* Sources */,
				469C33FF2C8237BF0007A698 /* Frameworks */,
				469C34002C8237BF0007A698 /* Resources */,
			);
			buildRules = (
			);
			dependencies = (
				469C34042C8237BF0007A698 /* PBXTargetDependency */,
			);
			name = DigioSampleAppTests;
			productName = DigioSampleAppTests;
			productReference = 469C34022C8237BF0007A698 /* DigioSampleAppTests.xctest */;
			productType = "com.apple.product-type.bundle.unit-test";
		};
/* End PBXNativeTarget section */

/* Begin PBXProject section */
		469C33E42C8237BC0007A698 /* Project object */ = {
			isa = PBXProject;
			attributes = {
				BuildIndependentTargetsInParallel = 1;
				LastSwiftUpdateCheck = 1540;
				LastUpgradeCheck = 1540;
				TargetAttributes = {
					469C33EB2C8237BC0007A698 = {
						CreatedOnToolsVersion = 15.4;
					};
					469C34012C8237BF0007A698 = {
						CreatedOnToolsVersion = 15.4;
						TestTargetID = 469C33EB2C8237BC0007A698;
					};
				};
			};
			buildConfigurationList = 469C33E72C8237BC0007A698 /* Build configuration list for PBXProject "DigioSampleApp" */;
			compatibilityVersion = "Xcode 14.0";
			developmentRegion = en;
			hasScannedForEncodings = 0;
			knownRegions = (
				en,
				Base,
			);
			mainGroup = 469C33E32C8237BC0007A698;
			packageReferences = (
				469C34432C87B0CA0007A698 /* XCRemoteSwiftPackageReference "Kingfisher" */,
			);
			productRefGroup = 469C33ED2C8237BC0007A698 /* Products */;
			projectDirPath = "";
			projectRoot = "";
			targets = (
				469C33EB2C8237BC0007A698 /* DigioSampleApp */,
				469C34012C8237BF0007A698 /* DigioSampleAppTests */,
			);
		};
/* End PBXProject section */

/* Begin PBXResourcesBuildPhase section */
		469C33EA2C8237BC0007A698 /* Resources */ = {
			isa = PBXResourcesBuildPhase;
			buildActionMask = 2147483647;
			files = (
				469C33F92C8237BE0007A698 /* Assets.xcassets in Resources */,
			);
			runOnlyForDeploymentPostprocessing = 0;
		};
		469C34002C8237BF0007A698 /* Resources */ = {
			isa = PBXResourcesBuildPhase;
			buildActionMask = 2147483647;
			files = (
				469C344C2C8ADB8A0007A698 /* products_list.json in Resources */,
			);
			runOnlyForDeploymentPostprocessing = 0;
		};
/* End PBXResourcesBuildPhase section */

/* Begin PBXShellScriptBuildPhase section */
		469C341F2C83D0010007A698 /* SwiftLint */ = {
			isa = PBXShellScriptBuildPhase;
			alwaysOutOfDate = 1;
			buildActionMask = 2147483647;
			files = (
			);
			inputFileListPaths = (
			);
			inputPaths = (
			);
			name = SwiftLint;
			outputFileListPaths = (
			);
			outputPaths = (
			);
			runOnlyForDeploymentPostprocessing = 0;
			shellPath = /bin/sh;
			shellScript = "if [[ \"$(uname -m)\" == arm64 ]]\nthen\n    export PATH=\"/opt/homebrew/bin:$PATH\"\nfi\n\nif command -v swiftlint >/dev/null 2>&1\nthen\n    swiftlint\nelse\n    echo \"warning: `swiftlint` command not found - See https://github.com/realm/SwiftLint#installation for installation instructions.\"\nfi\n";
		};
/* End PBXShellScriptBuildPhase section */

/* Begin PBXSourcesBuildPhase section */
		469C33E82C8237BC0007A698 /* Sources */ = {
			isa = PBXSourcesBuildPhase;
			buildActionMask = 2147483647;
			files = (
				469C34272C83D7980007A698 /* HomeViewController.swift in Sources */,
				469C343D2C8583C50007A698 /* HomeSpotlightCell.swift in Sources */,
				469C34242C83D6600007A698 /* ProductDetailModel.swift in Sources */,
				469C342C2C83D8530007A698 /* HomeViewModel.swift in Sources */,
				469C33F02C8237BC0007A698 /* AppDelegate.swift in Sources */,
				469C342F2C83DA7E0007A698 /* BaseCoordinator.swift in Sources */,
				469C34342C83DC440007A698 /* HomeService.swift in Sources */,
				469C34312C83DAC80007A698 /* HomeCoordinator.swift in Sources */,
				469C34482C88E77C0007A698 /* ProductDetailViewModel.swift in Sources */,
				469C34222C83D62B0007A698 /* HomeModel.swift in Sources */,
				469C34392C8582AB0007A698 /* HomeGreetingView.swift in Sources */,
				469C34542C8EE7AC0007A698 /* HomeProductSectionHeaderView.swift in Sources */,
				469C34572C8F7D4A0007A698 /* UIView+Extension.swift in Sources */,
				469C343F2C85841F0007A698 /* HomeProductCell.swift in Sources */,
				469C343B2C8583730007A698 /* HomeCashView.swift in Sources */,
				469C34292C83D7D60007A698 /* ProductDetailViewController.swift in Sources */,
				469C34522C8E947F0007A698 /* ErrorView.swift in Sources */,
			);
			runOnlyForDeploymentPostprocessing = 0;
		};
		469C33FE2C8237BF0007A698 /* Sources */ = {
			isa = PBXSourcesBuildPhase;
			buildActionMask = 2147483647;
			files = (
				469C344E2C8AE4B40007A698 /* JsonModelFactory.swift in Sources */,
				469C344A2C8A96300007A698 /* HomeViewModelTest.swift in Sources */,
				469C34502C8D31230007A698 /* ProductDetailViewModelTest.swift in Sources */,
			);
			runOnlyForDeploymentPostprocessing = 0;
		};
/* End PBXSourcesBuildPhase section */

/* Begin PBXTargetDependency section */
		469C34042C8237BF0007A698 /* PBXTargetDependency */ = {
			isa = PBXTargetDependency;
			target = 469C33EB2C8237BC0007A698 /* DigioSampleApp */;
			targetProxy = 469C34032C8237BF0007A698 /* PBXContainerItemProxy */;
		};
/* End PBXTargetDependency section */

/* Begin XCBuildConfiguration section */
		469C34142C8237BF0007A698 /* Debug */ = {
			isa = XCBuildConfiguration;
			buildSettings = {
				ALWAYS_SEARCH_USER_PATHS = NO;
				ASSETCATALOG_COMPILER_GENERATE_SWIFT_ASSET_SYMBOL_EXTENSIONS = YES;
				CLANG_ANALYZER_NONNULL = YES;
				CLANG_ANALYZER_NUMBER_OBJECT_CONVERSION = YES_AGGRESSIVE;
				CLANG_CXX_LANGUAGE_STANDARD = "gnu++20";
				CLANG_ENABLE_MODULES = YES;
				CLANG_ENABLE_OBJC_ARC = YES;
				CLANG_ENABLE_OBJC_WEAK = YES;
				CLANG_WARN_BLOCK_CAPTURE_AUTORELEASING = YES;
				CLANG_WARN_BOOL_CONVERSION = YES;
				CLANG_WARN_COMMA = YES;
				CLANG_WARN_CONSTANT_CONVERSION = YES;
				CLANG_WARN_DEPRECATED_OBJC_IMPLEMENTATIONS = YES;
				CLANG_WARN_DIRECT_OBJC_ISA_USAGE = YES_ERROR;
				CLANG_WARN_DOCUMENTATION_COMMENTS = YES;
				CLANG_WARN_EMPTY_BODY = YES;
				CLANG_WARN_ENUM_CONVERSION = YES;
				CLANG_WARN_INFINITE_RECURSION = YES;
				CLANG_WARN_INT_CONVERSION = YES;
				CLANG_WARN_NON_LITERAL_NULL_CONVERSION = YES;
				CLANG_WARN_OBJC_IMPLICIT_RETAIN_SELF = YES;
				CLANG_WARN_OBJC_LITERAL_CONVERSION = YES;
				CLANG_WARN_OBJC_ROOT_CLASS = YES_ERROR;
				CLANG_WARN_QUOTED_INCLUDE_IN_FRAMEWORK_HEADER = YES;
				CLANG_WARN_RANGE_LOOP_ANALYSIS = YES;
				CLANG_WARN_STRICT_PROTOTYPES = YES;
				CLANG_WARN_SUSPICIOUS_MOVE = YES;
				CLANG_WARN_UNGUARDED_AVAILABILITY = YES_AGGRESSIVE;
				CLANG_WARN_UNREACHABLE_CODE = YES;
				CLANG_WARN__DUPLICATE_METHOD_MATCH = YES;
				COPY_PHASE_STRIP = NO;
				DEBUG_INFORMATION_FORMAT = dwarf;
				ENABLE_STRICT_OBJC_MSGSEND = YES;
				ENABLE_TESTABILITY = YES;
				ENABLE_USER_SCRIPT_SANDBOXING = NO;
				GCC_C_LANGUAGE_STANDARD = gnu17;
				GCC_DYNAMIC_NO_PIC = NO;
				GCC_NO_COMMON_BLOCKS = YES;
				GCC_OPTIMIZATION_LEVEL = 0;
				GCC_PREPROCESSOR_DEFINITIONS = (
					"DEBUG=1",
					"$(inherited)",
				);
				GCC_WARN_64_TO_32_BIT_CONVERSION = YES;
				GCC_WARN_ABOUT_RETURN_TYPE = YES_ERROR;
				GCC_WARN_UNDECLARED_SELECTOR = YES;
				GCC_WARN_UNINITIALIZED_AUTOS = YES_AGGRESSIVE;
				GCC_WARN_UNUSED_FUNCTION = YES;
				GCC_WARN_UNUSED_VARIABLE = YES;
				IPHONEOS_DEPLOYMENT_TARGET = 12.0;
				LOCALIZATION_PREFERS_STRING_CATALOGS = YES;
				MTL_ENABLE_DEBUG_INFO = INCLUDE_SOURCE;
				MTL_FAST_MATH = YES;
				ONLY_ACTIVE_ARCH = YES;
				SDKROOT = iphoneos;
				SWIFT_ACTIVE_COMPILATION_CONDITIONS = "DEBUG $(inherited)";
				SWIFT_OPTIMIZATION_LEVEL = "-Onone";
			};
			name = Debug;
		};
		469C34152C8237BF0007A698 /* Release */ = {
			isa = XCBuildConfiguration;
			buildSettings = {
				ALWAYS_SEARCH_USER_PATHS = NO;
				ASSETCATALOG_COMPILER_GENERATE_SWIFT_ASSET_SYMBOL_EXTENSIONS = YES;
				CLANG_ANALYZER_NONNULL = YES;
				CLANG_ANALYZER_NUMBER_OBJECT_CONVERSION = YES_AGGRESSIVE;
				CLANG_CXX_LANGUAGE_STANDARD = "gnu++20";
				CLANG_ENABLE_MODULES = YES;
				CLANG_ENABLE_OBJC_ARC = YES;
				CLANG_ENABLE_OBJC_WEAK = YES;
				CLANG_WARN_BLOCK_CAPTURE_AUTORELEASING = YES;
				CLANG_WARN_BOOL_CONVERSION = YES;
				CLANG_WARN_COMMA = YES;
				CLANG_WARN_CONSTANT_CONVERSION = YES;
				CLANG_WARN_DEPRECATED_OBJC_IMPLEMENTATIONS = YES;
				CLANG_WARN_DIRECT_OBJC_ISA_USAGE = YES_ERROR;
				CLANG_WARN_DOCUMENTATION_COMMENTS = YES;
				CLANG_WARN_EMPTY_BODY = YES;
				CLANG_WARN_ENUM_CONVERSION = YES;
				CLANG_WARN_INFINITE_RECURSION = YES;
				CLANG_WARN_INT_CONVERSION = YES;
				CLANG_WARN_NON_LITERAL_NULL_CONVERSION = YES;
				CLANG_WARN_OBJC_IMPLICIT_RETAIN_SELF = YES;
				CLANG_WARN_OBJC_LITERAL_CONVERSION = YES;
				CLANG_WARN_OBJC_ROOT_CLASS = YES_ERROR;
				CLANG_WARN_QUOTED_INCLUDE_IN_FRAMEWORK_HEADER = YES;
				CLANG_WARN_RANGE_LOOP_ANALYSIS = YES;
				CLANG_WARN_STRICT_PROTOTYPES = YES;
				CLANG_WARN_SUSPICIOUS_MOVE = YES;
				CLANG_WARN_UNGUARDED_AVAILABILITY = YES_AGGRESSIVE;
				CLANG_WARN_UNREACHABLE_CODE = YES;
				CLANG_WARN__DUPLICATE_METHOD_MATCH = YES;
				COPY_PHASE_STRIP = NO;
				DEBUG_INFORMATION_FORMAT = "dwarf-with-dsym";
				ENABLE_NS_ASSERTIONS = NO;
				ENABLE_STRICT_OBJC_MSGSEND = YES;
				ENABLE_USER_SCRIPT_SANDBOXING = NO;
				GCC_C_LANGUAGE_STANDARD = gnu17;
				GCC_NO_COMMON_BLOCKS = YES;
				GCC_WARN_64_TO_32_BIT_CONVERSION = YES;
				GCC_WARN_ABOUT_RETURN_TYPE = YES_ERROR;
				GCC_WARN_UNDECLARED_SELECTOR = YES;
				GCC_WARN_UNINITIALIZED_AUTOS = YES_AGGRESSIVE;
				GCC_WARN_UNUSED_FUNCTION = YES;
				GCC_WARN_UNUSED_VARIABLE = YES;
				IPHONEOS_DEPLOYMENT_TARGET = 12.0;
				LOCALIZATION_PREFERS_STRING_CATALOGS = YES;
				MTL_ENABLE_DEBUG_INFO = NO;
				MTL_FAST_MATH = YES;
				SDKROOT = iphoneos;
				SWIFT_COMPILATION_MODE = wholemodule;
				VALIDATE_PRODUCT = YES;
			};
			name = Release;
		};
		469C34172C8237BF0007A698 /* Debug */ = {
			isa = XCBuildConfiguration;
			buildSettings = {
				ASSETCATALOG_COMPILER_APPICON_NAME = AppIcon;
				ASSETCATALOG_COMPILER_GLOBAL_ACCENT_COLOR_NAME = AccentColor;
				CODE_SIGN_STYLE = Automatic;
				CURRENT_PROJECT_VERSION = 1;
				DEVELOPMENT_TEAM = WAWNG4XA39;
				GENERATE_INFOPLIST_FILE = YES;
				INFOPLIST_FILE = DigioSampleApp/Info.plist;
				INFOPLIST_KEY_UIApplicationSupportsIndirectInputEvents = YES;
				INFOPLIST_KEY_UILaunchStoryboardName = LaunchScreen;
				INFOPLIST_KEY_UIMainStoryboardFile = "";
				INFOPLIST_KEY_UISupportedInterfaceOrientations = UIInterfaceOrientationPortrait;
				INFOPLIST_KEY_UISupportedInterfaceOrientations_iPad = "UIInterfaceOrientationLandscapeLeft UIInterfaceOrientationLandscapeRight UIInterfaceOrientationPortrait UIInterfaceOrientationPortraitUpsideDown";
				LD_RUNPATH_SEARCH_PATHS = (
					"$(inherited)",
					"@executable_path/Frameworks",
				);
				MARKETING_VERSION = 1.0;
				PRODUCT_BUNDLE_IDENTIFIER = br.com.frbentes.DigioSampleApp;
				PRODUCT_NAME = "$(TARGET_NAME)";
				SUPPORTED_PLATFORMS = "iphoneos iphonesimulator";
				SUPPORTS_MACCATALYST = NO;
				SUPPORTS_MAC_DESIGNED_FOR_IPHONE_IPAD = NO;
				SUPPORTS_XR_DESIGNED_FOR_IPHONE_IPAD = NO;
				SWIFT_EMIT_LOC_STRINGS = YES;
				SWIFT_VERSION = 4.2;
				TARGETED_DEVICE_FAMILY = 1;
			};
			name = Debug;
		};
		469C34182C8237BF0007A698 /* Release */ = {
			isa = XCBuildConfiguration;
			buildSettings = {
				ASSETCATALOG_COMPILER_APPICON_NAME = AppIcon;
				ASSETCATALOG_COMPILER_GLOBAL_ACCENT_COLOR_NAME = AccentColor;
				CODE_SIGN_STYLE = Automatic;
				CURRENT_PROJECT_VERSION = 1;
				DEVELOPMENT_TEAM = WAWNG4XA39;
				GENERATE_INFOPLIST_FILE = YES;
				INFOPLIST_FILE = DigioSampleApp/Info.plist;
				INFOPLIST_KEY_UIApplicationSupportsIndirectInputEvents = YES;
				INFOPLIST_KEY_UILaunchStoryboardName = LaunchScreen;
				INFOPLIST_KEY_UIMainStoryboardFile = "";
				INFOPLIST_KEY_UISupportedInterfaceOrientations = UIInterfaceOrientationPortrait;
				INFOPLIST_KEY_UISupportedInterfaceOrientations_iPad = "UIInterfaceOrientationLandscapeLeft UIInterfaceOrientationLandscapeRight UIInterfaceOrientationPortrait UIInterfaceOrientationPortraitUpsideDown";
				LD_RUNPATH_SEARCH_PATHS = (
					"$(inherited)",
					"@executable_path/Frameworks",
				);
				MARKETING_VERSION = 1.0;
				PRODUCT_BUNDLE_IDENTIFIER = br.com.frbentes.DigioSampleApp;
				PRODUCT_NAME = "$(TARGET_NAME)";
				SUPPORTED_PLATFORMS = "iphoneos iphonesimulator";
				SUPPORTS_MACCATALYST = NO;
				SUPPORTS_MAC_DESIGNED_FOR_IPHONE_IPAD = NO;
				SUPPORTS_XR_DESIGNED_FOR_IPHONE_IPAD = NO;
				SWIFT_EMIT_LOC_STRINGS = YES;
				SWIFT_VERSION = 4.2;
				TARGETED_DEVICE_FAMILY = 1;
			};
			name = Release;
		};
		469C341A2C8237BF0007A698 /* Debug */ = {
			isa = XCBuildConfiguration;
			buildSettings = {
				ALWAYS_EMBED_SWIFT_STANDARD_LIBRARIES = YES;
				BUNDLE_LOADER = "$(TEST_HOST)";
				CODE_SIGN_STYLE = Automatic;
				CURRENT_PROJECT_VERSION = 1;
				GENERATE_INFOPLIST_FILE = YES;
				IPHONEOS_DEPLOYMENT_TARGET = 17.5;
				MARKETING_VERSION = 1.0;
				PRODUCT_BUNDLE_IDENTIFIER = br.com.frbentes.DigioSampleAppTests;
				PRODUCT_NAME = "$(TARGET_NAME)";
				SWIFT_EMIT_LOC_STRINGS = NO;
				SWIFT_VERSION = 5.0;
				TARGETED_DEVICE_FAMILY = "1,2";
				TEST_HOST = "$(BUILT_PRODUCTS_DIR)/DigioSampleApp.app/$(BUNDLE_EXECUTABLE_FOLDER_PATH)/DigioSampleApp";
			};
			name = Debug;
		};
		469C341B2C8237BF0007A698 /* Release */ = {
			isa = XCBuildConfiguration;
			buildSettings = {
				ALWAYS_EMBED_SWIFT_STANDARD_LIBRARIES = YES;
				BUNDLE_LOADER = "$(TEST_HOST)";
				CODE_SIGN_STYLE = Automatic;
				CURRENT_PROJECT_VERSION = 1;
				GENERATE_INFOPLIST_FILE = YES;
				IPHONEOS_DEPLOYMENT_TARGET = 17.5;
				MARKETING_VERSION = 1.0;
				PRODUCT_BUNDLE_IDENTIFIER = br.com.frbentes.DigioSampleAppTests;
				PRODUCT_NAME = "$(TARGET_NAME)";
				SWIFT_EMIT_LOC_STRINGS = NO;
				SWIFT_VERSION = 5.0;
				TARGETED_DEVICE_FAMILY = "1,2";
				TEST_HOST = "$(BUILT_PRODUCTS_DIR)/DigioSampleApp.app/$(BUNDLE_EXECUTABLE_FOLDER_PATH)/DigioSampleApp";
			};
			name = Release;
		};
/* End XCBuildConfiguration section */

/* Begin XCConfigurationList section */
		469C33E72C8237BC0007A698 /* Build configuration list for PBXProject "DigioSampleApp" */ = {
			isa = XCConfigurationList;
			buildConfigurations = (
				469C34142C8237BF0007A698 /* Debug */,
				469C34152C8237BF0007A698 /* Release */,
			);
			defaultConfigurationIsVisible = 0;
			defaultConfigurationName = Release;
		};
		469C34162C8237BF0007A698 /* Build configuration list for PBXNativeTarget "DigioSampleApp" */ = {
			isa = XCConfigurationList;
			buildConfigurations = (
				469C34172C8237BF0007A698 /* Debug */,
				469C34182C8237BF0007A698 /* Release */,
			);
			defaultConfigurationIsVisible = 0;
			defaultConfigurationName = Release;
		};
		469C34192C8237BF0007A698 /* Build configuration list for PBXNativeTarget "DigioSampleAppTests" */ = {
			isa = XCConfigurationList;
			buildConfigurations = (
				469C341A2C8237BF0007A698 /* Debug */,
				469C341B2C8237BF0007A698 /* Release */,
			);
			defaultConfigurationIsVisible = 0;
			defaultConfigurationName = Release;
		};
/* End XCConfigurationList section */

/* Begin XCRemoteSwiftPackageReference section */
		469C34432C87B0CA0007A698 /* XCRemoteSwiftPackageReference "Kingfisher" */ = {
			isa = XCRemoteSwiftPackageReference;
			repositoryURL = "https://github.com/onevcat/Kingfisher.git";
			requirement = {
				kind = upToNextMajorVersion;
				minimumVersion = 7.0.0;
			};
		};
/* End XCRemoteSwiftPackageReference section */

/* Begin XCSwiftPackageProductDependency section */
		469C34452C87B2E60007A698 /* Kingfisher */ = {
			isa = XCSwiftPackageProductDependency;
			package = 469C34432C87B0CA0007A698 /* XCRemoteSwiftPackageReference "Kingfisher" */;
			productName = Kingfisher;
		};
/* End XCSwiftPackageProductDependency section */
	};
	rootObject = 469C33E42C8237BC0007A698 /* Project object */;
}
